
Microsoft Visual Studio Solution File, Format Version 12.00
# Visual Studio Version 17
VisualStudioVersion = 17.7.34024.191
MinimumVisualStudioVersion = 10.0.40219.1
Project("{FAE04EC0-301F-11D3-BF4B-00C04F79EFBC}") = "Exigy.ClockPatience", "Exigy.ClockPatience\Exigy.ClockPatience.csproj", "{A249A47C-2847-4AE9-A66D-608E4B7FA932}"
EndProject
Global
	GlobalSection(SolutionConfigurationPlatforms) = preSolution
		Debug|Any CPU = Debug|Any CPU
		Release|Any CPU = Release|Any CPU
	EndGlobalSection
	GlobalSection(ProjectConfigurationPlatforms) = postSolution
		{A249A47C-2847-4AE9-A66D-608E4B7FA932}.Debug|Any CPU.ActiveCfg = Debug|Any CPU
		{A249A47C-2847-4AE9-A66D-608E4B7FA932}.Debug|Any CPU.Build.0 = Debug|Any CPU
		{A249A47C-2847-4AE9-A66D-608E4B7FA932}.Release|Any CPU.ActiveCfg = Release|Any CPU
		{A249A47C-2847-4AE9-A66D-608E4B7FA932}.Release|Any CPU.Build.0 = Release|Any CPU
	EndGlobalSection
	GlobalSection(SolutionProperties) = preSolution
		HideSolutionNode = FALSE
	EndGlobalSection
	GlobalSection(ExtensibilityGlobals) = postSolution
		SolutionGuid = {91707D75-604F-4F7D-860B-2AB82328279E}
	EndGlobalSection
EndGlobal
